PODS:
  - Flutter (1.0.0)
  - ShareInstalls (0.0.3)

DEPENDENCIES:
  - Flutter (from `Flutter`)
  - ShareInstalls (from `../../../sdk/ios`)

EXTERNAL SOURCES:
  Flutter:
    :path: Flutter
  ShareInstalls:
    :path: "../../../sdk/ios"

SPEC CHECKSUMS:
  Flutter: cabc95a1d2626b1b06e7179b784ebcf0c0cde467
  ShareInstalls: 1d87e9d32f3f6b641bf81a85609b690a7a35f753

PODFILE CHECKSUM: 1bd97fbfe9a4b753aeb1a1b95cdaf08af1039230

COCOAPODS: 1.17.0
